
Microsoft Visual Studio Solution File, Format Version 12.00
# Visual Studio Version 16
VisualStudioVersion = 16.0.31129.286
MinimumVisualStudioVersion = 10.0.40219.1
Project("{FAE04EC0-301F-11D3-BF4B-00C04F79EFBC}") = "5_laba", "5_laba\5_laba.csproj", "{2930B895-CB4F-4DA1-ADFE-F1AB3A62CD9B}"
EndProject
Global
	GlobalSection(SolutionConfigurationPlatforms) = preSolution
		Debug|Any CPU = Debug|Any CPU
		Release|Any CPU = Release|Any CPU
	EndGlobalSection
	GlobalSection(ProjectConfigurationPlatforms) = postSolution
		{2930B895-CB4F-4DA1-ADFE-F1AB3A62CD9B}.Debug|Any CPU.ActiveCfg = Debug|Any CPU
		{2930B895-CB4F-4DA1-ADFE-F1AB3A62CD9B}.Debug|Any CPU.Build.0 = Debug|Any CPU
		{2930B895-CB4F-4DA1-ADFE-F1AB3A62CD9B}.Release|Any CPU.ActiveCfg = Release|Any CPU
		{2930B895-CB4F-4DA1-ADFE-F1AB3A62CD9B}.Release|Any CPU.Build.0 = Release|Any CPU
	EndGlobalSection
	GlobalSection(SolutionProperties) = preSolution
		HideSolutionNode = FALSE
	EndGlobalSection
	GlobalSection(ExtensibilityGlobals) = postSolution
		SolutionGuid = {032EAB63-76C9-4C81-ABC6-9E6EEB2F1503}
	EndGlobalSection
EndGlobal
